{
  "originHash" : "5b3df1b0d1c3211e2eb562290f957201094a31cebbae248bb74bb6b53fff2178",
  "pins" : [
    {
      "identity" : "cryptoswift",
      "kind" : "remoteSourceControl",
      "location" : "https://github.com/royalapplications/CryptoSwift.git",
      "state" : {
        "branch" : "foundationessentials",
        "revision" : "67a2d7e8b3c00947764bb06f2133bb136c03484b"
      }
    }
  ],
  "version" : 3
}
