// !$*UTF8*$!
{
	archiveVersion = 1;
	classes = {
	};
	objectVersion = 55;
	objects = {

/* Begin PBXBuildFile section */
		E742BD1F29018500007D23D5 /* ConfigurationWindow.xib in Resources */ = {isa = PBXBuildFile; fileRef = E742BD1E29018500007D23D5 /* ConfigurationWindow.xib */; };
		E742BD2129018513007D23D5 /* ConfigurationWindowController.swift in Sources */ = {isa = PBXBuildFile; fileRef = E742BD2029018513007D23D5 /* ConfigurationWindowController.swift */; };
		E761FEA728C23AEF005EFA94 /* AppDelegate.swift in Sources */ = {isa = PBXBuildFile; fileRef = E761FEA628C23AEF005EFA94 /* AppDelegate.swift */; };
		E761FEA928C23AF0005EFA94 /* Assets.xcassets in Resources */ = {isa = PBXBuildFile; fileRef = E761FEA828C23AF0005EFA94 /* Assets.xcassets */; };
		E761FEAC28C23AF0005EFA94 /* MainMenu.xib in Resources */ = {isa = PBXBuildFile; fileRef = E761FEAA28C23AF0005EFA94 /* MainMenu.xib */; };
		E761FEB528C23B04005EFA94 /* RoyalVNCKit.framework in Frameworks */ = {isa = PBXBuildFile; fileRef = E761FEB428C23B04005EFA94 /* RoyalVNCKit.framework */; };
		E761FEB628C23B04005EFA94 /* RoyalVNCKit.framework in Embed Frameworks */ = {isa = PBXBuildFile; fileRef = E761FEB428C23B04005EFA94 /* RoyalVNCKit.framework */; settings = {ATTRIBUTES = (CodeSignOnCopy, RemoveHeadersOnCopy, ); }; };
		E79EBE292902B5810013A7E4 /* ConfigurationView.xib in Resources */ = {isa = PBXBuildFile; fileRef = E79EBE262902B5270013A7E4 /* ConfigurationView.xib */; };
		E79EBE2A2902B5840013A7E4 /* EncodingsConfigurationView.xib in Resources */ = {isa = PBXBuildFile; fileRef = E79EBE202902B4D40013A7E4 /* EncodingsConfigurationView.xib */; };
		E7B3135A28E5C07200C40684 /* ConfigurationViewController.swift in Sources */ = {isa = PBXBuildFile; fileRef = E7B3135928E5C07100C40684 /* ConfigurationViewController.swift */; };
		E7B3135E28E5C59300C40684 /* ConnectionView.xib in Resources */ = {isa = PBXBuildFile; fileRef = E7B3135D28E5C59300C40684 /* ConnectionView.xib */; };
		E7B3136028E5C5A200C40684 /* ConnectionViewController.swift in Sources */ = {isa = PBXBuildFile; fileRef = E7B3135F28E5C5A200C40684 /* ConnectionViewController.swift */; };
		E7B3136228E5CEB500C40684 /* ConnectionWindowController.swift in Sources */ = {isa = PBXBuildFile; fileRef = E7B3136128E5CEB500C40684 /* ConnectionWindowController.swift */; };
		E7B3136428E5CEC100C40684 /* ConnectionWindow.xib in Resources */ = {isa = PBXBuildFile; fileRef = E7B3136328E5CEC100C40684 /* ConnectionWindow.xib */; };
		E7B3136628E5D52E00C40684 /* ConnectionViewControllerDelegate.swift in Sources */ = {isa = PBXBuildFile; fileRef = E7B3136528E5D52E00C40684 /* ConnectionViewControllerDelegate.swift */; };
		E7B3136828E5D5C400C40684 /* ConnectionWindowControllerDelegate.swift in Sources */ = {isa = PBXBuildFile; fileRef = E7B3136728E5D5C400C40684 /* ConnectionWindowControllerDelegate.swift */; };
		E7B94D2B28D20D1700AC827B /* CredentialWindowController.swift in Sources */ = {isa = PBXBuildFile; fileRef = E7B94D2A28D20D1700AC827B /* CredentialWindowController.swift */; };
		E7B94D3128D20DAD00AC827B /* CredentialWindow.xib in Resources */ = {isa = PBXBuildFile; fileRef = E7B94D3028D20DAD00AC827B /* CredentialWindow.xib */; };
		E7E8BCC228F6BB1F00417728 /* EncodingsConfigurationViewController.swift in Sources */ = {isa = PBXBuildFile; fileRef = E7E8BCC128F6BB1F00417728 /* EncodingsConfigurationViewController.swift */; };
/* End PBXBuildFile section */

/* Begin PBXCopyFilesBuildPhase section */
		E761FEB728C23B04005EFA94 /* Embed Frameworks */ = {
			isa = PBXCopyFilesBuildPhase;
			buildActionMask = 2147483647;
			dstPath = "";
			dstSubfolderSpec = 10;
			files = (
				E761FEB628C23B04005EFA94 /* RoyalVNCKit.framework in Embed Frameworks */,
			);
			name = "Embed Frameworks";
			runOnlyForDeploymentPostprocessing = 0;
		};
/* End PBXCopyFilesBuildPhase section */

/* Begin PBXFileReference section */
		E742BD1E29018500007D23D5 /* ConfigurationWindow.xib */ = {isa = PBXFileReference; lastKnownFileType = file.xib; path = ConfigurationWindow.xib; sourceTree = "<group>"; };
		E742BD2029018513007D23D5 /* ConfigurationWindowController.swift */ = {isa = PBXFileReference; lastKnownFileType = sourcecode.swift; path = ConfigurationWindowController.swift; sourceTree = "<group>"; };
		E761FEA328C23AEF005EFA94 /* RoyalVNCDemo.app */ = {isa = PBXFileReference; explicitFileType = wrapper.application; includeInIndex = 0; path = RoyalVNCDemo.app; sourceTree = BUILT_PRODUCTS_DIR; };
		E761FEA628C23AEF005EFA94 /* AppDelegate.swift */ = {isa = PBXFileReference; lastKnownFileType = sourcecode.swift; path = AppDelegate.swift; sourceTree = "<group>"; };
		E761FEA828C23AF0005EFA94 /* Assets.xcassets */ = {isa = PBXFileReference; lastKnownFileType = folder.assetcatalog; path = Assets.xcassets; sourceTree = "<group>"; };
		E761FEAB28C23AF0005EFA94 /* Base */ = {isa = PBXFileReference; lastKnownFileType = file.xib; name = Base; path = Base.lproj/MainMenu.xib; sourceTree = "<group>"; };
		E761FEAD28C23AF0005EFA94 /* RoyalVNCDemo.entitlements */ = {isa = PBXFileReference; lastKnownFileType = text.plist.entitlements; path = RoyalVNCDemo.entitlements; sourceTree = "<group>"; };
		E761FEB428C23B04005EFA94 /* RoyalVNCKit.framework */ = {isa = PBXFileReference; explicitFileType = wrapper.framework; path = RoyalVNCKit.framework; sourceTree = BUILT_PRODUCTS_DIR; };
		E79EBE202902B4D40013A7E4 /* EncodingsConfigurationView.xib */ = {isa = PBXFileReference; lastKnownFileType = file.xib; path = EncodingsConfigurationView.xib; sourceTree = "<group>"; };
		E79EBE262902B5270013A7E4 /* ConfigurationView.xib */ = {isa = PBXFileReference; lastKnownFileType = file.xib; path = ConfigurationView.xib; sourceTree = "<group>"; };
		E7AE880A29150B5C001BAE18 /* Debug.xcconfig */ = {isa = PBXFileReference; lastKnownFileType = text.xcconfig; path = Debug.xcconfig; sourceTree = "<group>"; };
		E7AE880D29151176001BAE18 /* Release.xcconfig */ = {isa = PBXFileReference; lastKnownFileType = text.xcconfig; path = Release.xcconfig; sourceTree = "<group>"; };
		E7B3135928E5C07100C40684 /* ConfigurationViewController.swift */ = {isa = PBXFileReference; lastKnownFileType = sourcecode.swift; path = ConfigurationViewController.swift; sourceTree = "<group>"; };
		E7B3135D28E5C59300C40684 /* ConnectionView.xib */ = {isa = PBXFileReference; lastKnownFileType = file.xib; path = ConnectionView.xib; sourceTree = "<group>"; };
		E7B3135F28E5C5A200C40684 /* ConnectionViewController.swift */ = {isa = PBXFileReference; lastKnownFileType = sourcecode.swift; path = ConnectionViewController.swift; sourceTree = "<group>"; };
		E7B3136128E5CEB500C40684 /* ConnectionWindowController.swift */ = {isa = PBXFileReference; lastKnownFileType = sourcecode.swift; path = ConnectionWindowController.swift; sourceTree = "<group>"; };
		E7B3136328E5CEC100C40684 /* ConnectionWindow.xib */ = {isa = PBXFileReference; lastKnownFileType = file.xib; path = ConnectionWindow.xib; sourceTree = "<group>"; };
		E7B3136528E5D52E00C40684 /* ConnectionViewControllerDelegate.swift */ = {isa = PBXFileReference; lastKnownFileType = sourcecode.swift; path = ConnectionViewControllerDelegate.swift; sourceTree = "<group>"; };
		E7B3136728E5D5C400C40684 /* ConnectionWindowControllerDelegate.swift */ = {isa = PBXFileReference; lastKnownFileType = sourcecode.swift; path = ConnectionWindowControllerDelegate.swift; sourceTree = "<group>"; };
		E7B94D2A28D20D1700AC827B /* CredentialWindowController.swift */ = {isa = PBXFileReference; lastKnownFileType = sourcecode.swift; path = CredentialWindowController.swift; sourceTree = "<group>"; };
		E7B94D3028D20DAD00AC827B /* CredentialWindow.xib */ = {isa = PBXFileReference; lastKnownFileType = file.xib; path = CredentialWindow.xib; sourceTree = "<group>"; };
		E7E8BCC128F6BB1F00417728 /* EncodingsConfigurationViewController.swift */ = {isa = PBXFileReference; lastKnownFileType = sourcecode.swift; path = EncodingsConfigurationViewController.swift; sourceTree = "<group>"; };
/* End PBXFileReference section */

/* Begin PBXFrameworksBuildPhase section */
		E761FEA028C23AEF005EFA94 /* Frameworks */ = {
			isa = PBXFrameworksBuildPhase;
			buildActionMask = 2147483647;
			files = (
				E761FEB528C23B04005EFA94 /* RoyalVNCKit.framework in Frameworks */,
			);
			runOnlyForDeploymentPostprocessing = 0;
		};
/* End PBXFrameworksBuildPhase section */

/* Begin PBXGroup section */
		E761FE9A28C23AEF005EFA94 = {
			isa = PBXGroup;
			children = (
				E761FEA528C23AEF005EFA94 /* Source */,
				E761FEA428C23AEF005EFA94 /* Products */,
				E761FEB328C23B04005EFA94 /* Frameworks */,
			);
			sourceTree = "<group>";
		};
		E761FEA428C23AEF005EFA94 /* Products */ = {
			isa = PBXGroup;
			children = (
				E761FEA328C23AEF005EFA94 /* RoyalVNCDemo.app */,
			);
			name = Products;
			sourceTree = "<group>";
		};
		E761FEA528C23AEF005EFA94 /* Source */ = {
			isa = PBXGroup;
			children = (
				E7B3136B28E5DDD200C40684 /* Connection */,
				E7B3136A28E5DDC400C40684 /* Credential */,
				E7B3136928E5DDB400C40684 /* Configuration */,
				E761FEA628C23AEF005EFA94 /* AppDelegate.swift */,
				E761FEAA28C23AF0005EFA94 /* MainMenu.xib */,
				E761FEA828C23AF0005EFA94 /* Assets.xcassets */,
				E761FEAD28C23AF0005EFA94 /* RoyalVNCDemo.entitlements */,
				E7AE880A29150B5C001BAE18 /* Debug.xcconfig */,
				E7AE880D29151176001BAE18 /* Release.xcconfig */,
			);
			path = Source;
			sourceTree = "<group>";
		};
		E761FEB328C23B04005EFA94 /* Frameworks */ = {
			isa = PBXGroup;
			children = (
				E761FEB428C23B04005EFA94 /* RoyalVNCKit.framework */,
			);
			name = Frameworks;
			sourceTree = "<group>";
		};
		E7B3136928E5DDB400C40684 /* Configuration */ = {
			isa = PBXGroup;
			children = (
				E742BD2029018513007D23D5 /* ConfigurationWindowController.swift */,
				E742BD1E29018500007D23D5 /* ConfigurationWindow.xib */,
				E7B3135928E5C07100C40684 /* ConfigurationViewController.swift */,
				E79EBE262902B5270013A7E4 /* ConfigurationView.xib */,
				E7E8BCC128F6BB1F00417728 /* EncodingsConfigurationViewController.swift */,
				E79EBE202902B4D40013A7E4 /* EncodingsConfigurationView.xib */,
			);
			path = Configuration;
			sourceTree = "<group>";
		};
		E7B3136A28E5DDC400C40684 /* Credential */ = {
			isa = PBXGroup;
			children = (
				E7B94D2A28D20D1700AC827B /* CredentialWindowController.swift */,
				E7B94D3028D20DAD00AC827B /* CredentialWindow.xib */,
			);
			path = Credential;
			sourceTree = "<group>";
		};
		E7B3136B28E5DDD200C40684 /* Connection */ = {
			isa = PBXGroup;
			children = (
				E7B3136128E5CEB500C40684 /* ConnectionWindowController.swift */,
				E7B3136728E5D5C400C40684 /* ConnectionWindowControllerDelegate.swift */,
				E7B3136328E5CEC100C40684 /* ConnectionWindow.xib */,
				E7B3135F28E5C5A200C40684 /* ConnectionViewController.swift */,
				E7B3136528E5D52E00C40684 /* ConnectionViewControllerDelegate.swift */,
				E7B3135D28E5C59300C40684 /* ConnectionView.xib */,
			);
			path = Connection;
			sourceTree = "<group>";
		};
/* End PBXGroup section */

/* Begin PBXNativeTarget section */
		E761FEA228C23AEF005EFA94 /* RoyalVNCDemo */ = {
			isa = PBXNativeTarget;
			buildConfigurationList = E761FEB028C23AF0005EFA94 /* Build configuration list for PBXNativeTarget "RoyalVNCDemo" */;
			buildPhases = (
				E761FE9F28C23AEF005EFA94 /* Sources */,
				E761FEA028C23AEF005EFA94 /* Frameworks */,
				E7B3134C28E5882200C40684 /* Swiftlint */,
				E761FEA128C23AEF005EFA94 /* Resources */,
				E761FEB728C23B04005EFA94 /* Embed Frameworks */,
			);
			buildRules = (
			);
			dependencies = (
			);
			name = RoyalVNCDemo;
			productName = RoyalVNCDemo;
			productReference = E761FEA328C23AEF005EFA94 /* RoyalVNCDemo.app */;
			productType = "com.apple.product-type.application";
		};
/* End PBXNativeTarget section */

/* Begin PBXProject section */
		E761FE9B28C23AEF005EFA94 /* Project object */ = {
			isa = PBXProject;
			attributes = {
				BuildIndependentTargetsInParallel = 1;
				LastSwiftUpdateCheck = 1340;
				LastUpgradeCheck = 1400;
				TargetAttributes = {
					E761FEA228C23AEF005EFA94 = {
						CreatedOnToolsVersion = 13.4.1;
					};
				};
			};
			buildConfigurationList = E761FE9E28C23AEF005EFA94 /* Build configuration list for PBXProject "RoyalVNCDemo" */;
			compatibilityVersion = "Xcode 13.0";
			developmentRegion = en;
			hasScannedForEncodings = 0;
			knownRegions = (
				en,
				Base,
			);
			mainGroup = E761FE9A28C23AEF005EFA94;
			productRefGroup = E761FEA428C23AEF005EFA94 /* Products */;
			projectDirPath = "";
			projectRoot = "";
			targets = (
				E761FEA228C23AEF005EFA94 /* RoyalVNCDemo */,
			);
		};
/* End PBXProject section */

/* Begin PBXResourcesBuildPhase section */
		E761FEA128C23AEF005EFA94 /* Resources */ = {
			isa = PBXResourcesBuildPhase;
			buildActionMask = 2147483647;
			files = (
				E742BD1F29018500007D23D5 /* ConfigurationWindow.xib in Resources */,
				E7B3135E28E5C59300C40684 /* ConnectionView.xib in Resources */,
				E761FEA928C23AF0005EFA94 /* Assets.xcassets in Resources */,
				E79EBE292902B5810013A7E4 /* ConfigurationView.xib in Resources */,
				E79EBE2A2902B5840013A7E4 /* EncodingsConfigurationView.xib in Resources */,
				E7B3136428E5CEC100C40684 /* ConnectionWindow.xib in Resources */,
				E761FEAC28C23AF0005EFA94 /* MainMenu.xib in Resources */,
				E7B94D3128D20DAD00AC827B /* CredentialWindow.xib in Resources */,
			);
			runOnlyForDeploymentPostprocessing = 0;
		};
/* End PBXResourcesBuildPhase section */

/* Begin PBXShellScriptBuildPhase section */
		E7B3134C28E5882200C40684 /* Swiftlint */ = {
			isa = PBXShellScriptBuildPhase;
			alwaysOutOfDate = 1;
			buildActionMask = 2147483647;
			files = (
			);
			inputFileListPaths = (
			);
			inputPaths = (
			);
			name = Swiftlint;
			outputFileListPaths = (
			);
			outputPaths = (
			);
			runOnlyForDeploymentPostprocessing = 0;
			shellPath = /bin/sh;
			shellScript = "if which swiftlint >/dev/null; then\n\tswiftlint lint --config \"${PROJECT_DIR}/../.swiftlint.yml\"\nelse\n\techo \"Warning: SwiftLint not installed, download from https://github.com/realm/SwiftLint\"\nfi\n";
		};
/* End PBXShellScriptBuildPhase section */

/* Begin PBXSourcesBuildPhase section */
		E761FE9F28C23AEF005EFA94 /* Sources */ = {
			isa = PBXSourcesBuildPhase;
			buildActionMask = 2147483647;
			files = (
				E7B3135A28E5C07200C40684 /* ConfigurationViewController.swift in Sources */,
				E7E8BCC228F6BB1F00417728 /* EncodingsConfigurationViewController.swift in Sources */,
				E7B94D2B28D20D1700AC827B /* CredentialWindowController.swift in Sources */,
				E742BD2129018513007D23D5 /* ConfigurationWindowController.swift in Sources */,
				E7B3136228E5CEB500C40684 /* ConnectionWindowController.swift in Sources */,
				E7B3136828E5D5C400C40684 /* ConnectionWindowControllerDelegate.swift in Sources */,
				E761FEA728C23AEF005EFA94 /* AppDelegate.swift in Sources */,
				E7B3136628E5D52E00C40684 /* ConnectionViewControllerDelegate.swift in Sources */,
				E7B3136028E5C5A200C40684 /* ConnectionViewController.swift in Sources */,
			);
			runOnlyForDeploymentPostprocessing = 0;
		};
/* End PBXSourcesBuildPhase section */

/* Begin PBXVariantGroup section */
		E761FEAA28C23AF0005EFA94 /* MainMenu.xib */ = {
			isa = PBXVariantGroup;
			children = (
				E761FEAB28C23AF0005EFA94 /* Base */,
			);
			name = MainMenu.xib;
			sourceTree = "<group>";
		};
/* End PBXVariantGroup section */

/* Begin XCBuildConfiguration section */
		E761FEAE28C23AF0005EFA94 /* Debug */ = {
			isa = XCBuildConfiguration;
			baseConfigurationReference = E7AE880A29150B5C001BAE18 /* Debug.xcconfig */;
			buildSettings = {
				ALWAYS_SEARCH_USER_PATHS = NO;
				CLANG_ANALYZER_NONNULL = YES;
				CLANG_ANALYZER_NUMBER_OBJECT_CONVERSION = YES_AGGRESSIVE;
				CLANG_CXX_LANGUAGE_STANDARD = "gnu++17";
				CLANG_ENABLE_MODULES = YES;
				CLANG_ENABLE_OBJC_ARC = YES;
				CLANG_ENABLE_OBJC_WEAK = YES;
				CLANG_WARN_BLOCK_CAPTURE_AUTORELEASING = YES;
				CLANG_WARN_BOOL_CONVERSION = YES;
				CLANG_WARN_COMMA = YES;
				CLANG_WARN_CONSTANT_CONVERSION = YES;
				CLANG_WARN_DEPRECATED_OBJC_IMPLEMENTATIONS = YES;
				CLANG_WARN_DIRECT_OBJC_ISA_USAGE = YES_ERROR;
				CLANG_WARN_DOCUMENTATION_COMMENTS = YES;
				CLANG_WARN_EMPTY_BODY = YES;
				CLANG_WARN_ENUM_CONVERSION = YES;
				CLANG_WARN_INFINITE_RECURSION = YES;
				CLANG_WARN_INT_CONVERSION = YES;
				CLANG_WARN_NON_LITERAL_NULL_CONVERSION = YES;
				CLANG_WARN_OBJC_IMPLICIT_RETAIN_SELF = YES;
				CLANG_WARN_OBJC_LITERAL_CONVERSION = YES;
				CLANG_WARN_OBJC_ROOT_CLASS = YES_ERROR;
				CLANG_WARN_QUOTED_INCLUDE_IN_FRAMEWORK_HEADER = YES;
				CLANG_WARN_RANGE_LOOP_ANALYSIS = YES;
				CLANG_WARN_STRICT_PROTOTYPES = YES;
				CLANG_WARN_SUSPICIOUS_MOVE = YES;
				CLANG_WARN_UNGUARDED_AVAILABILITY = YES_AGGRESSIVE;
				CLANG_WARN_UNREACHABLE_CODE = YES;
				CLANG_WARN__DUPLICATE_METHOD_MATCH = YES;
				CODE_SIGN_ENTITLEMENTS = Source/RoyalVNCDemo.entitlements;
				COPY_PHASE_STRIP = NO;
				DEAD_CODE_STRIPPING = YES;
				DEBUG_INFORMATION_FORMAT = dwarf;
				ENABLE_HARDENED_RUNTIME = YES;
				ENABLE_STRICT_OBJC_MSGSEND = YES;
				ENABLE_TESTABILITY = YES;
				GCC_C_LANGUAGE_STANDARD = gnu11;
				GCC_DYNAMIC_NO_PIC = NO;
				GCC_NO_COMMON_BLOCKS = YES;
				GCC_OPTIMIZATION_LEVEL = 0;
				GCC_PREPROCESSOR_DEFINITIONS = (
					"DEBUG=1",
					"$(inherited)",
				);
				GCC_WARN_64_TO_32_BIT_CONVERSION = YES;
				GCC_WARN_ABOUT_RETURN_TYPE = YES_ERROR;
				GCC_WARN_UNDECLARED_SELECTOR = YES;
				GCC_WARN_UNINITIALIZED_AUTOS = YES_AGGRESSIVE;
				GCC_WARN_UNUSED_FUNCTION = YES;
				GCC_WARN_UNUSED_VARIABLE = YES;
				MACOSX_DEPLOYMENT_TARGET = 11.0;
				MTL_ENABLE_DEBUG_INFO = INCLUDE_SOURCE;
				MTL_FAST_MATH = YES;
				ONLY_ACTIVE_ARCH = YES;
				SDKROOT = macosx;
				SWIFT_ACTIVE_COMPILATION_CONDITIONS = DEBUG;
				SWIFT_OPTIMIZATION_LEVEL = "-Onone";
			};
			name = Debug;
		};
		E761FEAF28C23AF0005EFA94 /* Release */ = {
			isa = XCBuildConfiguration;
			baseConfigurationReference = E7AE880D29151176001BAE18 /* Release.xcconfig */;
			buildSettings = {
				ALWAYS_SEARCH_USER_PATHS = NO;
				CLANG_ANALYZER_NONNULL = YES;
				CLANG_ANALYZER_NUMBER_OBJECT_CONVERSION = YES_AGGRESSIVE;
				CLANG_CXX_LANGUAGE_STANDARD = "gnu++17";
				CLANG_ENABLE_MODULES = YES;
				CLANG_ENABLE_OBJC_ARC = YES;
				CLANG_ENABLE_OBJC_WEAK = YES;
				CLANG_WARN_BLOCK_CAPTURE_AUTORELEASING = YES;
				CLANG_WARN_BOOL_CONVERSION = YES;
				CLANG_WARN_COMMA = YES;
				CLANG_WARN_CONSTANT_CONVERSION = YES;
				CLANG_WARN_DEPRECATED_OBJC_IMPLEMENTATIONS = YES;
				CLANG_WARN_DIRECT_OBJC_ISA_USAGE = YES_ERROR;
				CLANG_WARN_DOCUMENTATION_COMMENTS = YES;
				CLANG_WARN_EMPTY_BODY = YES;
				CLANG_WARN_ENUM_CONVERSION = YES;
				CLANG_WARN_INFINITE_RECURSION = YES;
				CLANG_WARN_INT_CONVERSION = YES;
				CLANG_WARN_NON_LITERAL_NULL_CONVERSION = YES;
				CLANG_WARN_OBJC_IMPLICIT_RETAIN_SELF = YES;
				CLANG_WARN_OBJC_LITERAL_CONVERSION = YES;
				CLANG_WARN_OBJC_ROOT_CLASS = YES_ERROR;
				CLANG_WARN_QUOTED_INCLUDE_IN_FRAMEWORK_HEADER = YES;
				CLANG_WARN_RANGE_LOOP_ANALYSIS = YES;
				CLANG_WARN_STRICT_PROTOTYPES = YES;
				CLANG_WARN_SUSPICIOUS_MOVE = YES;
				CLANG_WARN_UNGUARDED_AVAILABILITY = YES_AGGRESSIVE;
				CLANG_WARN_UNREACHABLE_CODE = YES;
				CLANG_WARN__DUPLICATE_METHOD_MATCH = YES;
				CODE_SIGN_ENTITLEMENTS = Source/RoyalVNCDemo.entitlements;
				COPY_PHASE_STRIP = NO;
				DEAD_CODE_STRIPPING = YES;
				DEBUG_INFORMATION_FORMAT = "dwarf-with-dsym";
				ENABLE_HARDENED_RUNTIME = YES;
				ENABLE_NS_ASSERTIONS = NO;
				ENABLE_STRICT_OBJC_MSGSEND = YES;
				GCC_C_LANGUAGE_STANDARD = gnu11;
				GCC_NO_COMMON_BLOCKS = YES;
				GCC_WARN_64_TO_32_BIT_CONVERSION = YES;
				GCC_WARN_ABOUT_RETURN_TYPE = YES_ERROR;
				GCC_WARN_UNDECLARED_SELECTOR = YES;
				GCC_WARN_UNINITIALIZED_AUTOS = YES_AGGRESSIVE;
				GCC_WARN_UNUSED_FUNCTION = YES;
				GCC_WARN_UNUSED_VARIABLE = YES;
				MACOSX_DEPLOYMENT_TARGET = 11.0;
				MTL_ENABLE_DEBUG_INFO = NO;
				MTL_FAST_MATH = YES;
				SDKROOT = macosx;
				SWIFT_COMPILATION_MODE = wholemodule;
				SWIFT_OPTIMIZATION_LEVEL = "-O";
			};
			name = Release;
		};
		E761FEB128C23AF0005EFA94 /* Debug */ = {
			isa = XCBuildConfiguration;
			baseConfigurationReference = E7AE880A29150B5C001BAE18 /* Debug.xcconfig */;
			buildSettings = {
				ASSETCATALOG_COMPILER_APPICON_NAME = AppIcon;
				ASSETCATALOG_COMPILER_GLOBAL_ACCENT_COLOR_NAME = AccentColor;
				COMBINE_HIDPI_IMAGES = YES;
				CURRENT_PROJECT_VERSION = 1;
				DEAD_CODE_STRIPPING = YES;
				GENERATE_INFOPLIST_FILE = YES;
				INFOPLIST_KEY_CFBundleDisplayName = "RoyalVNC Demo";
				INFOPLIST_KEY_LSApplicationCategoryType = "public.app-category.utilities";
				INFOPLIST_KEY_NSHumanReadableCopyright = "© 2022 Royal Apps GmbH";
				INFOPLIST_KEY_NSMainNibFile = MainMenu;
				INFOPLIST_KEY_NSPrincipalClass = NSApplication;
				LD_RUNPATH_SEARCH_PATHS = (
					"$(inherited)",
					"@executable_path/../Frameworks",
				);
				MARKETING_VERSION = 1.0;
				PRODUCT_BUNDLE_IDENTIFIER = com.royalapps.RoyalVNCDemo;
				PRODUCT_NAME = "$(TARGET_NAME)";
				SWIFT_EMIT_LOC_STRINGS = YES;
				SWIFT_VERSION = 5.0;
			};
			name = Debug;
		};
		E761FEB228C23AF0005EFA94 /* Release */ = {
			isa = XCBuildConfiguration;
			baseConfigurationReference = E7AE880D29151176001BAE18 /* Release.xcconfig */;
			buildSettings = {
				ASSETCATALOG_COMPILER_APPICON_NAME = AppIcon;
				ASSETCATALOG_COMPILER_GLOBAL_ACCENT_COLOR_NAME = AccentColor;
				COMBINE_HIDPI_IMAGES = YES;
				CURRENT_PROJECT_VERSION = 1;
				DEAD_CODE_STRIPPING = YES;
				GENERATE_INFOPLIST_FILE = YES;
				INFOPLIST_KEY_CFBundleDisplayName = "RoyalVNC Demo";
				INFOPLIST_KEY_LSApplicationCategoryType = "public.app-category.utilities";
				INFOPLIST_KEY_NSHumanReadableCopyright = "© 2022 Royal Apps GmbH";
				INFOPLIST_KEY_NSMainNibFile = MainMenu;
				INFOPLIST_KEY_NSPrincipalClass = NSApplication;
				LD_RUNPATH_SEARCH_PATHS = (
					"$(inherited)",
					"@executable_path/../Frameworks",
				);
				MARKETING_VERSION = 1.0;
				PRODUCT_BUNDLE_IDENTIFIER = com.royalapps.RoyalVNCDemo;
				PRODUCT_NAME = "$(TARGET_NAME)";
				SWIFT_EMIT_LOC_STRINGS = YES;
				SWIFT_VERSION = 5.0;
			};
			name = Release;
		};
/* End XCBuildConfiguration section */

/* Begin XCConfigurationList section */
		E761FE9E28C23AEF005EFA94 /* Build configuration list for PBXProject "RoyalVNCDemo" */ = {
			isa = XCConfigurationList;
			buildConfigurations = (
				E761FEAE28C23AF0005EFA94 /* Debug */,
				E761FEAF28C23AF0005EFA94 /* Release */,
			);
			defaultConfigurationIsVisible = 0;
			defaultConfigurationName = Release;
		};
		E761FEB028C23AF0005EFA94 /* Build configuration list for PBXNativeTarget "RoyalVNCDemo" */ = {
			isa = XCConfigurationList;
			buildConfigurations = (
				E761FEB128C23AF0005EFA94 /* Debug */,
				E761FEB228C23AF0005EFA94 /* Release */,
			);
			defaultConfigurationIsVisible = 0;
			defaultConfigurationName = Release;
		};
/* End XCConfigurationList section */
	};
	rootObject = E761FE9B28C23AEF005EFA94 /* Project object */;
}
